
Microsoft Visual Studio Solution File, Format Version 12.00
# Visual Studio Version 17
VisualStudioVersion = 17.14.36908.2 d17.14
MinimumVisualStudioVersion = 10.0.40219.1
Project("{FAE04EC0-301F-11D3-BF4B-00C04F79EFBC}") = "mask", "mask.csproj", "{06C46235-BC27-4B95-8A1E-3471FB1B98CB}"
EndProject
Global
	GlobalSection(SolutionConfigurationPlatforms) = preSolution
		Debug|Any CPU = Debug|Any CPU
		Release|Any CPU = Release|Any CPU
	EndGlobalSection
	GlobalSection(ProjectConfigurationPlatforms) = postSolution
		{06C46235-BC27-4B95-8A1E-3471FB1B98CB}.Debug|Any CPU.ActiveCfg = Debug|Any CPU
		{06C46235-BC27-4B95-8A1E-3471FB1B98CB}.Debug|Any CPU.Build.0 = Debug|Any CPU
		{06C46235-BC27-4B95-8A1E-3471FB1B98CB}.Release|Any CPU.ActiveCfg = Release|Any CPU
		{06C46235-BC27-4B95-8A1E-3471FB1B98CB}.Release|Any CPU.Build.0 = Release|Any CPU
	EndGlobalSection
	GlobalSection(SolutionProperties) = preSolution
		HideSolutionNode = FALSE
	EndGlobalSection
	GlobalSection(ExtensibilityGlobals) = postSolution
		SolutionGuid = {E37D0F7F-C130-431F-96F6-9474674DEE9D}
	EndGlobalSection
EndGlobal
